// !$*UTF8*$!
{
	archiveVersion = 1;
	classes = {
	};
	objectVersion = 50;
	objects = {

/* Begin PBXBuildFile section */
		9606309E233AD0360013BD6F /* MapViewController.swift in Sources */ = {isa = PBXBuildFile; fileRef = 9606309D233AD0360013BD6F /* MapViewController.swift */; };
		960630A0233ADCF20013BD6F /* TableViewController.swift in Sources */ = {isa = PBXBuildFile; fileRef = 9606309F233ADCF20013BD6F /* TableViewController.swift */; };
		960630A2233AE1DA0013BD6F /* Location.swift in Sources */ = {isa = PBXBuildFile; fileRef = 960630A1233AE1DA0013BD6F /* Location.swift */; };
		960630A4233AE2030013BD6F /* LocationStorage.swift in Sources */ = {isa = PBXBuildFile; fileRef = 960630A3233AE2030013BD6F /* LocationStorage.swift */; };
		9623086E233190FC00B02247 /* AppDelegate.swift in Sources */ = {isa = PBXBuildFile; fileRef = 9623086D233190FC00B02247 /* AppDelegate.swift */; };
		96230870233190FC00B02247 /* ViewController.swift in Sources */ = {isa = PBXBuildFile; fileRef = 9623086F233190FC00B02247 /* ViewController.swift */; };
		96230873233190FC00B02247 /* Main.storyboard in Resources */ = {isa = PBXBuildFile; fileRef = 96230871233190FC00B02247 /* Main.storyboard */; };
		96230875233190FD00B02247 /* Assets.xcassets in Resources */ = {isa = PBXBuildFile; fileRef = 96230874233190FD00B02247 /* Assets.xcassets */; };
		96230878233190FD00B02247 /* LaunchScreen.storyboard in Resources */ = {isa = PBXBuildFile; fileRef = 96230876233190FD00B02247 /* LaunchScreen.storyboard */; };
		96E16CA6234128FE00285EF7 /* BusinessInfo.swift in Sources */ = {isa = PBXBuildFile; fileRef = 96E16CA5234128FE00285EF7 /* BusinessInfo.swift */; };
/* End PBXBuildFile section */

/* Begin PBXFileReference section */
		956C02D12341694700B47615 /* Route.gpx */ = {isa = PBXFileReference; lastKnownFileType = text.xml; name = Route.gpx; path = "../Journal materials/Journal starter/Route.gpx"; sourceTree = "<group>"; };
		9606309D233AD0360013BD6F /* MapViewController.swift */ = {isa = PBXFileReference; lastKnownFileType = sourcecode.swift; path = MapViewController.swift; sourceTree = "<group>"; };
		9606309F233ADCF20013BD6F /* TableViewController.swift */ = {isa = PBXFileReference; lastKnownFileType = sourcecode.swift; path = TableViewController.swift; sourceTree = "<group>"; };
		960630A1233AE1DA0013BD6F /* Location.swift */ = {isa = PBXFileReference; lastKnownFileType = sourcecode.swift; path = Location.swift; sourceTree = "<group>"; };
		960630A3233AE2030013BD6F /* LocationStorage.swift */ = {isa = PBXFileReference; lastKnownFileType = sourcecode.swift; path = LocationStorage.swift; sourceTree = "<group>"; };
		9623086A233190FC00B02247 /* Midterm1.app */ = {isa = PBXFileReference; explicitFileType = wrapper.application; includeInIndex = 0; path = Midterm1.app; sourceTree = BUILT_PRODUCTS_DIR; };
		9623086D233190FC00B02247 /* AppDelegate.swift */ = {isa = PBXFileReference; lastKnownFileType = sourcecode.swift; path = AppDelegate.swift; sourceTree = "<group>"; };
		9623086F233190FC00B02247 /* ViewController.swift */ = {isa = PBXFileReference; lastKnownFileType = sourcecode.swift; path = ViewController.swift; sourceTree = "<group>"; };
		96230872233190FC00B02247 /* Base */ = {isa = PBXFileReference; lastKnownFileType = file.storyboard; name = Base; path = Base.lproj/Main.storyboard; sourceTree = "<group>"; };
		96230874233190FD00B02247 /* Assets.xcassets */ = {isa = PBXFileReference; lastKnownFileType = folder.assetcatalog; path = Assets.xcassets; sourceTree = "<group>"; };
		96230877233190FD00B02247 /* Base */ = {isa = PBXFileReference; lastKnownFileType = file.storyboard; name = Base; path = Base.lproj/LaunchScreen.storyboard; sourceTree = "<group>"; };
		96230879233190FD00B02247 /* Info.plist */ = {isa = PBXFileReference; lastKnownFileType = text.plist.xml; path = Info.plist; sourceTree = "<group>"; };
		96E16CA5234128FE00285EF7 /* BusinessInfo.swift */ = {isa = PBXFileReference; lastKnownFileType = sourcecode.swift; path = BusinessInfo.swift; sourceTree = "<group>"; };
/* End PBXFileReference section */

/* Begin PBXFrameworksBuildPhase section */
		96230867233190FC00B02247 /* Frameworks */ = {
			isa = PBXFrameworksBuildPhase;
			buildActionMask = 2147483647;
			files = (
			);
			runOnlyForDeploymentPostprocessing = 0;
		};
/* End PBXFrameworksBuildPhase section */

/* Begin PBXGroup section */
		96230861233190FC00B02247 = {
			isa = PBXGroup;
			children = (
				956C02D12341694700B47615 /* Route.gpx */,
				9623086C233190FC00B02247 /* Midterm1 */,
				9623086B233190FC00B02247 /* Products */,
			);
			sourceTree = "<group>";
		};
		9623086B233190FC00B02247 /* Products */ = {
			isa = PBXGroup;
			children = (
				9623086A233190FC00B02247 /* Midterm1.app */,
			);
			name = Products;
			sourceTree = "<group>";
		};
		9623086C233190FC00B02247 /* Midterm1 */ = {
			isa = PBXGroup;
			children = (
				9623086D233190FC00B02247 /* AppDelegate.swift */,
				9623086F233190FC00B02247 /* ViewController.swift */,
				96230871233190FC00B02247 /* Main.storyboard */,
				96230874233190FD00B02247 /* Assets.xcassets */,
				96230876233190FD00B02247 /* LaunchScreen.storyboard */,
				96230879233190FD00B02247 /* Info.plist */,
				9606309D233AD0360013BD6F /* MapViewController.swift */,
				9606309F233ADCF20013BD6F /* TableViewController.swift */,
				960630A1233AE1DA0013BD6F /* Location.swift */,
				960630A3233AE2030013BD6F /* LocationStorage.swift */,
				96E16CA5234128FE00285EF7 /* BusinessInfo.swift */,
			);
			path = Midterm1;
			sourceTree = "<group>";
		};
/* End PBXGroup section */

/* Begin PBXNativeTarget section */
		96230869233190FC00B02247 /* Midterm1 */ = {
			isa = PBXNativeTarget;
			buildConfigurationList = 9623087C233190FD00B02247 /* Build configuration list for PBXNativeTarget "Midterm1" */;
			buildPhases = (
				96230866233190FC00B02247 /* Sources */,
				96230867233190FC00B02247 /* Frameworks */,
				96230868233190FC00B02247 /* Resources */,
			);
			buildRules = (
			);
			dependencies = (
			);
			name = Midterm1;
			productName = Midterm1;
			productReference = 9623086A233190FC00B02247 /* Midterm1.app */;
			productType = "com.apple.product-type.application";
		};
/* End PBXNativeTarget section */

/* Begin PBXProject section */
		96230862233190FC00B02247 /* Project object */ = {
			isa = PBXProject;
			attributes = {
				LastSwiftUpdateCheck = 1030;
				LastUpgradeCheck = 1030;
				ORGANIZATIONNAME = "Jonathan Moore";
				TargetAttributes = {
					96230869233190FC00B02247 = {
						CreatedOnToolsVersion = 10.3;
					};
				};
			};
			buildConfigurationList = 96230865233190FC00B02247 /* Build configuration list for PBXProject "Midterm1" */;
			compatibilityVersion = "Xcode 9.3";
			developmentRegion = en;
			hasScannedForEncodings = 0;
			knownRegions = (
				en,
				Base,
			);
			mainGroup = 96230861233190FC00B02247;
			productRefGroup = 9623086B233190FC00B02247 /* Products */;
			projectDirPath = "";
			projectRoot = "";
			targets = (
				96230869233190FC00B02247 /* Midterm1 */,
			);
		};
/* End PBXProject section */

/* Begin PBXResourcesBuildPhase section */
		96230868233190FC00B02247 /* Resources */ = {
			isa = PBXResourcesBuildPhase;
			buildActionMask = 2147483647;
			files = (
				96230878233190FD00B02247 /* LaunchScreen.storyboard in Resources */,
				96230875233190FD00B02247 /* Assets.xcassets in Resources */,
				96230873233190FC00B02247 /* Main.storyboard in Resources */,
			);
			runOnlyForDeploymentPostprocessing = 0;
		};
/* End PBXResourcesBuildPhase section */

/* Begin PBXSourcesBuildPhase section */
		96230866233190FC00B02247 /* Sources */ = {
			isa = PBXSourcesBuildPhase;
			buildActionMask = 2147483647;
			files = (
				960630A4233AE2030013BD6F /* LocationStorage.swift in Sources */,
				96230870233190FC00B02247 /* ViewController.swift in Sources */,
				96E16CA6234128FE00285EF7 /* BusinessInfo.swift in Sources */,
				9606309E233AD0360013BD6F /* MapViewController.swift in Sources */,
				960630A2233AE1DA0013BD6F /* Location.swift in Sources */,
				9623086E233190FC00B02247 /* AppDelegate.swift in Sources */,
				960630A0233ADCF20013BD6F /* TableViewController.swift in Sources */,
			);
			runOnlyForDeploymentPostprocessing = 0;
		};
/* End PBXSourcesBuildPhase section */

/* Begin PBXVariantGroup section */
		96230871233190FC00B02247 /* Main.storyboard */ = {
			isa = PBXVariantGroup;
			children = (
				96230872233190FC00B02247 /* Base */,
			);
			name = Main.storyboard;
			sourceTree = "<group>";
		};
		96230876233190FD00B02247 /* LaunchScreen.storyboard */ = {
			isa = PBXVariantGroup;
			children = (
				96230877233190FD00B02247 /* Base */,
			);
			name = LaunchScreen.storyboard;
			sourceTree = "<group>";
		};
/* End PBXVariantGroup section */

/* Begin XCBuildConfiguration section */
		9623087A233190FD00B02247 /* Debug */ = {
			isa = XCBuildConfiguration;
			buildSettings = {
				ALWAYS_SEARCH_USER_PATHS = NO;
				CLANG_ANALYZER_NONNULL = YES;
				CLANG_ANALYZER_NUMBER_OBJECT_CONVERSION = YES_AGGRESSIVE;
				CLANG_CXX_LANGUAGE_STANDARD = "gnu++14";
				CLANG_CXX_LIBRARY = "libc++";
				CLANG_ENABLE_MODULES = YES;
				CLANG_ENABLE_OBJC_ARC = YES;
				CLANG_ENABLE_OBJC_WEAK = YES;
				CLANG_WARN_BLOCK_CAPTURE_AUTORELEASING = YES;
				CLANG_WARN_BOOL_CONVERSION = YES;
				CLANG_WARN_COMMA = YES;
				CLANG_WARN_CONSTANT_CONVERSION = YES;
				CLANG_WARN_DEPRECATED_OBJC_IMPLEMENTATIONS = YES;
				CLANG_WARN_DIRECT_OBJC_ISA_USAGE = YES_ERROR;
				CLANG_WARN_DOCUMENTATION_COMMENTS = YES;
				CLANG_WARN_EMPTY_BODY = YES;
				CLANG_WARN_ENUM_CONVERSION = YES;
				CLANG_WARN_INFINITE_RECURSION = YES;
				CLANG_WARN_INT_CONVERSION = YES;
				CLANG_WARN_NON_LITERAL_NULL_CONVERSION = YES;
				CLANG_WARN_OBJC_IMPLICIT_RETAIN_SELF = YES;
				CLANG_WARN_OBJC_LITERAL_CONVERSION = YES;
				CLANG_WARN_OBJC_ROOT_CLASS = YES_ERROR;
				CLANG_WARN_RANGE_LOOP_ANALYSIS = YES;
				CLANG_WARN_STRICT_PROTOTYPES = YES;
				CLANG_WARN_SUSPICIOUS_MOVE = YES;
				CLANG_WARN_UNGUARDED_AVAILABILITY = YES_AGGRESSIVE;
				CLANG_WARN_UNREACHABLE_CODE = YES;
				CLANG_WARN__DUPLICATE_METHOD_MATCH = YES;
				CODE_SIGN_IDENTITY = "iPhone Developer";
				COPY_PHASE_STRIP = NO;
				DEBUG_INFORMATION_FORMAT = dwarf;
				ENABLE_STRICT_OBJC_MSGSEND = YES;
				ENABLE_TESTABILITY = YES;
				GCC_C_LANGUAGE_STANDARD = gnu11;
				GCC_DYNAMIC_NO_PIC = NO;
				GCC_NO_COMMON_BLOCKS = YES;
				GCC_OPTIMIZATION_LEVEL = 0;
				GCC_PREPROCESSOR_DEFINITIONS = (
					"DEBUG=1",
					"$(inherited)",
				);
				GCC_WARN_64_TO_32_BIT_CONVERSION = YES;
				GCC_WARN_ABOUT_RETURN_TYPE = YES_ERROR;
				GCC_WARN_UNDECLARED_SELECTOR = YES;
				GCC_WARN_UNINITIALIZED_AUTOS = YES_AGGRESSIVE;
				GCC_WARN_UNUSED_FUNCTION = YES;
				GCC_WARN_UNUSED_VARIABLE = YES;
				IPHONEOS_DEPLOYMENT_TARGET = 12.4;
				MTL_ENABLE_DEBUG_INFO = INCLUDE_SOURCE;
				MTL_FAST_MATH = YES;
				ONLY_ACTIVE_ARCH = YES;
				SDKROOT = iphoneos;
				SWIFT_ACTIVE_COMPILATION_CONDITIONS = DEBUG;
				SWIFT_OPTIMIZATION_LEVEL = "-Onone";
			};
			name = Debug;
		};
		9623087B233190FD00B02247 /* Release */ = {
			isa = XCBuildConfiguration;
			buildSettings = {
				ALWAYS_SEARCH_USER_PATHS = NO;
				CLANG_ANALYZER_NONNULL = YES;
				CLANG_ANALYZER_NUMBER_OBJECT_CONVERSION = YES_AGGRESSIVE;
				CLANG_CXX_LANGUAGE_STANDARD = "gnu++14";
				CLANG_CXX_LIBRARY = "libc++";
				CLANG_ENABLE_MODULES = YES;
				CLANG_ENABLE_OBJC_ARC = YES;
				CLANG_ENABLE_OBJC_WEAK = YES;
				CLANG_WARN_BLOCK_CAPTURE_AUTORELEASING = YES;
				CLANG_WARN_BOOL_CONVERSION = YES;
				CLANG_WARN_COMMA = YES;
				CLANG_WARN_CONSTANT_CONVERSION = YES;
				CLANG_WARN_DEPRECATED_OBJC_IMPLEMENTATIONS = YES;
				CLANG_WARN_DIRECT_OBJC_ISA_USAGE = YES_ERROR;
				CLANG_WARN_DOCUMENTATION_COMMENTS = YES;
				CLANG_WARN_EMPTY_BODY = YES;
				CLANG_WARN_ENUM_CONVERSION = YES;
				CLANG_WARN_INFINITE_RECURSION = YES;
				CLANG_WARN_INT_CONVERSION = YES;
				CLANG_WARN_NON_LITERAL_NULL_CONVERSION = YES;
				CLANG_WARN_OBJC_IMPLICIT_RETAIN_SELF = YES;
				CLANG_WARN_OBJC_LITERAL_CONVERSION = YES;
				CLANG_WARN_OBJC_ROOT_CLASS = YES_ERROR;
				CLANG_WARN_RANGE_LOOP_ANALYSIS = YES;
				CLANG_WARN_STRICT_PROTOTYPES = YES;
				CLANG_WARN_SUSPICIOUS_MOVE = YES;
				CLANG_WARN_UNGUARDED_AVAILABILITY = YES_AGGRESSIVE;
				CLANG_WARN_UNREACHABLE_CODE = YES;
				CLANG_WARN__DUPLICATE_METHOD_MATCH = YES;
				CODE_SIGN_IDENTITY = "iPhone Developer";
				COPY_PHASE_STRIP = NO;
				DEBUG_INFORMATION_FORMAT = "dwarf-with-dsym";
				ENABLE_NS_ASSERTIONS = NO;
				ENABLE_STRICT_OBJC_MSGSEND = YES;
				GCC_C_LANGUAGE_STANDARD = gnu11;
				GCC_NO_COMMON_BLOCKS = YES;
				GCC_WARN_64_TO_32_BIT_CONVERSION = YES;
				GCC_WARN_ABOUT_RETURN_TYPE = YES_ERROR;
				GCC_WARN_UNDECLARED_SELECTOR = YES;
				GCC_WARN_UNINITIALIZED_AUTOS = YES_AGGRESSIVE;
				GCC_WARN_UNUSED_FUNCTION = YES;
				GCC_WARN_UNUSED_VARIABLE = YES;
				IPHONEOS_DEPLOYMENT_TARGET = 12.4;
				MTL_ENABLE_DEBUG_INFO = NO;
				MTL_FAST_MATH = YES;
				SDKROOT = iphoneos;
				SWIFT_COMPILATION_MODE = wholemodule;
				SWIFT_OPTIMIZATION_LEVEL = "-O";
				VALIDATE_PRODUCT = YES;
			};
			name = Release;
		};
		9623087D233190FD00B02247 /* Debug */ = {
			isa = XCBuildConfiguration;
			buildSettings = {
				ASSETCATALOG_COMPILER_APPICON_NAME = AppIcon;
				CODE_SIGN_STYLE = Automatic;
				DEVELOPMENT_TEAM = BH9BS3QV7C;
				INFOPLIST_FILE = Midterm1/Info.plist;
				LD_RUNPATH_SEARCH_PATHS = (
					"$(inherited)",
					"@executable_path/Frameworks",
				);
				PRODUCT_BUNDLE_IDENTIFIER = edu.uky.Midterm1;
				PRODUCT_NAME = "$(TARGET_NAME)";
				SWIFT_VERSION = 5.0;
				TARGETED_DEVICE_FAMILY = "1,2";
			};
			name = Debug;
		};
		9623087E233190FD00B02247 /* Release */ = {
			isa = XCBuildConfiguration;
			buildSettings = {
				ASSETCATALOG_COMPILER_APPICON_NAME = AppIcon;
				CODE_SIGN_STYLE = Automatic;
				DEVELOPMENT_TEAM = BH9BS3QV7C;
				INFOPLIST_FILE = Midterm1/Info.plist;
				LD_RUNPATH_SEARCH_PATHS = (
					"$(inherited)",
					"@executable_path/Frameworks",
				);
				PRODUCT_BUNDLE_IDENTIFIER = edu.uky.Midterm1;
				PRODUCT_NAME = "$(TARGET_NAME)";
				SWIFT_VERSION = 5.0;
				TARGETED_DEVICE_FAMILY = "1,2";
			};
			name = Release;
		};
/* End XCBuildConfiguration section */

/* Begin XCConfigurationList section */
		96230865233190FC00B02247 /* Build configuration list for PBXProject "Midterm1" */ = {
			isa = XCConfigurationList;
			buildConfigurations = (
				9623087A233190FD00B02247 /* Debug */,
				9623087B233190FD00B02247 /* Release */,
			);
			defaultConfigurationIsVisible = 0;
			defaultConfigurationName = Release;
		};
		9623087C233190FD00B02247 /* Build configuration list for PBXNativeTarget "Midterm1" */ = {
			isa = XCConfigurationList;
			buildConfigurations = (
				9623087D233190FD00B02247 /* Debug */,
				9623087E233190FD00B02247 /* Release */,
			);
			defaultConfigurationIsVisible = 0;
			defaultConfigurationName = Release;
		};
/* End XCConfigurationList section */
	};
	rootObject = 96230862233190FC00B02247 /* Project object */;
}
